
Microsoft Visual Studio Solution File, Format Version 12.00
# Visual Studio 15
VisualStudioVersion = 15.0.28307.1259
MinimumVisualStudioVersion = 10.0.40219.1
Project("{FAE04EC0-301F-11D3-BF4B-00C04F79EFBC}") = "ASPcore", "ASPcore\ASPcore.csproj", "{C7D466B1-E5E4-45FE-B671-8EC77457262C}"
EndProject
Global
	GlobalSection(SolutionConfigurationPlatforms) = preSolution
		Debug|Any CPU = Debug|Any CPU
		Release|Any CPU = Release|Any CPU
	EndGlobalSection
	GlobalSection(ProjectConfigurationPlatforms) = postSolution
		{C7D466B1-E5E4-45FE-B671-8EC77457262C}.Debug|Any CPU.ActiveCfg = Debug|Any CPU
		{C7D466B1-E5E4-45FE-B671-8EC77457262C}.Debug|Any CPU.Build.0 = Debug|Any CPU
		{C7D466B1-E5E4-45FE-B671-8EC77457262C}.Release|Any CPU.ActiveCfg = Release|Any CPU
		{C7D466B1-E5E4-45FE-B671-8EC77457262C}.Release|Any CPU.Build.0 = Release|Any CPU
	EndGlobalSection
	GlobalSection(SolutionProperties) = preSolution
		HideSolutionNode = FALSE
	EndGlobalSection
	GlobalSection(ExtensibilityGlobals) = postSolution
		SolutionGuid = {0E37B32C-A4C7-4CCD-9EE4-D9836B64D86D}
	EndGlobalSection
EndGlobal
